
Microsoft Visual Studio Solution File, Format Version 12.00
# Visual Studio Version 16
VisualStudioVersion = 16.0.31321.278
MinimumVisualStudioVersion = 10.0.40219.1
Project("{FAE04EC0-301F-11D3-BF4B-00C04F79EFBC}") = "KutuphaneOtomasyonu", "KutuphaneOtomasyonu\KutuphaneOtomasyonu.csproj", "{427D6CA3-D0F3-4773-9BE4-6C05FF829C7C}"
EndProject
Global
	GlobalSection(SolutionConfigurationPlatforms) = preSolution
		Debug|Any CPU = Debug|Any CPU
		Release|Any CPU = Release|Any CPU
	EndGlobalSection
	GlobalSection(ProjectConfigurationPlatforms) = postSolution
		{427D6CA3-D0F3-4773-9BE4-6C05FF829C7C}.Debug|Any CPU.ActiveCfg = Debug|Any CPU
		{427D6CA3-D0F3-4773-9BE4-6C05FF829C7C}.Debug|Any CPU.Build.0 = Debug|Any CPU
		{427D6CA3-D0F3-4773-9BE4-6C05FF829C7C}.Release|Any CPU.ActiveCfg = Release|Any CPU
		{427D6CA3-D0F3-4773-9BE4-6C05FF829C7C}.Release|Any CPU.Build.0 = Release|Any CPU
	EndGlobalSection
	GlobalSection(SolutionProperties) = preSolution
		HideSolutionNode = FALSE
	EndGlobalSection
	GlobalSection(ExtensibilityGlobals) = postSolution
		SolutionGuid = {359DD616-F806-46F9-9D60-B5347842A077}
	EndGlobalSection
EndGlobal
